// !$*UTF8*$!
{
	archiveVersion = 1;
	classes = {
	};
	objectVersion = 46;
	objects = {

/* Begin PBXBuildFile section */
		164B95021B89824F004515B3 /* Bolts.framework in Frameworks */ = {isa = PBXBuildFile; fileRef = 164B95001B89824F004515B3 /* Bolts.framework */; };
		164B95051B89825A004515B3 /* Accounts.framework in Frameworks */ = {isa = PBXBuildFile; fileRef = 164B95041B89825A004515B3 /* Accounts.framework */; };
		164B95071B898261004515B3 /* AudioToolbox.framework in Frameworks */ = {isa = PBXBuildFile; fileRef = 164B95061B898261004515B3 /* AudioToolbox.framework */; };
		164B95091B898269004515B3 /* CFNetwork.framework in Frameworks */ = {isa = PBXBuildFile; fileRef = 164B95081B898269004515B3 /* CFNetwork.framework */; };
		164B950B1B898270004515B3 /* CoreGraphics.framework in Frameworks */ = {isa = PBXBuildFile; fileRef = 164B950A1B898270004515B3 /* CoreGraphics.framework */; };
		164B950D1B8983D7004515B3 /* CoreLocation.framework in Frameworks */ = {isa = PBXBuildFile; fileRef = 164B950C1B8983D7004515B3 /* CoreLocation.framework */; };
		164B950F1B8983DE004515B3 /* QuartzCore.framework in Frameworks */ = {isa = PBXBuildFile; fileRef = 164B950E1B8983DE004515B3 /* QuartzCore.framework */; };
		164B95111B8983E5004515B3 /* Security.framework in Frameworks */ = {isa = PBXBuildFile; fileRef = 164B95101B8983E4004515B3 /* Security.framework */; };
		164B95131B8983EB004515B3 /* Social.framework in Frameworks */ = {isa = PBXBuildFile; fileRef = 164B95121B8983EB004515B3 /* Social.framework */; };
		164B95171B8983FA004515B3 /* SystemConfiguration.framework in Frameworks */ = {isa = PBXBuildFile; fileRef = 164B95161B8983FA004515B3 /* SystemConfiguration.framework */; };
		164B95191B898400004515B3 /* libz.dylib in Frameworks */ = {isa = PBXBuildFile; fileRef = 164B95181B898400004515B3 /* libz.dylib */; };
		164B951B1B898406004515B3 /* libsqlite3.dylib in Frameworks */ = {isa = PBXBuildFile; fileRef = 164B951A1B898406004515B3 /* libsqlite3.dylib */; };
		164B95201B8986E4004515B3 /* FBSDKCoreKit.framework in Frameworks */ = {isa = PBXBuildFile; fileRef = 164B951D1B8986E4004515B3 /* FBSDKCoreKit.framework */; };
		164B95211B8986E4004515B3 /* FBSDKLoginKit.framework in Frameworks */ = {isa = PBXBuildFile; fileRef = 164B951E1B8986E4004515B3 /* FBSDKLoginKit.framework */; };
		164B95221B8986E4004515B3 /* FBSDKShareKit.framework in Frameworks */ = {isa = PBXBuildFile; fileRef = 164B951F1B8986E4004515B3 /* FBSDKShareKit.framework */; };
		164B95241B898D46004515B3 /* HomeViewController.swift in Sources */ = {isa = PBXBuildFile; fileRef = 164B95231B898D46004515B3 /* HomeViewController.swift */; };
		164B95261B898D6B004515B3 /* LoginViewController.swift in Sources */ = {isa = PBXBuildFile; fileRef = 164B95251B898D6B004515B3 /* LoginViewController.swift */; };
		164B952A1B8991A6004515B3 /* ParseFacebookUtilsV4.framework in Frameworks */ = {isa = PBXBuildFile; fileRef = 164B95281B8991A6004515B3 /* ParseFacebookUtilsV4.framework */; };
		164B952B1B8991A6004515B3 /* ParseTwitterUtils.framework in Frameworks */ = {isa = PBXBuildFile; fileRef = 164B95291B8991A6004515B3 /* ParseTwitterUtils.framework */; };
		164B952D1B8991FA004515B3 /* Parse.framework in Frameworks */ = {isa = PBXBuildFile; fileRef = 164B952C1B8991FA004515B3 /* Parse.framework */; };
		164B952F1B89A634004515B3 /* ParseUI.framework in Frameworks */ = {isa = PBXBuildFile; fileRef = 164B952E1B89A634004515B3 /* ParseUI.framework */; };
		164B95311B89A6EC004515B3 /* RegisterViewController.swift in Sources */ = {isa = PBXBuildFile; fileRef = 164B95301B89A6EC004515B3 /* RegisterViewController.swift */; };
		164B95341B89A8CE004515B3 /* MBProgressHUD.m in Sources */ = {isa = PBXBuildFile; fileRef = 164B95331B89A8CE004515B3 /* MBProgressHUD.m */; };
		164B953E1B89A9DA004515B3 /* MMDrawerBarButtonItem.m in Sources */ = {isa = PBXBuildFile; fileRef = 164B95361B89A9DA004515B3 /* MMDrawerBarButtonItem.m */; };
		164B953F1B89A9DA004515B3 /* MMDrawerController.m in Sources */ = {isa = PBXBuildFile; fileRef = 164B95381B89A9DA004515B3 /* MMDrawerController.m */; };
		164B95401B89A9DA004515B3 /* MMDrawerVisualState.m in Sources */ = {isa = PBXBuildFile; fileRef = 164B953B1B89A9DA004515B3 /* MMDrawerVisualState.m */; };
		164B95411B89A9DA004515B3 /* UIViewController+MMDrawerController.m in Sources */ = {isa = PBXBuildFile; fileRef = 164B953D1B89A9DA004515B3 /* UIViewController+MMDrawerController.m */; };
		164B95441B89AA4F004515B3 /* MenuViewController.swift in Sources */ = {isa = PBXBuildFile; fileRef = 164B95431B89AA4F004515B3 /* MenuViewController.swift */; };
		164B95461B89AA79004515B3 /* RSSFeedViewController.swift in Sources */ = {isa = PBXBuildFile; fileRef = 164B95451B89AA79004515B3 /* RSSFeedViewController.swift */; };
		164B95481B89C6C8004515B3 /* AboutViewController.swift in Sources */ = {isa = PBXBuildFile; fileRef = 164B95471B89C6C8004515B3 /* AboutViewController.swift */; };
		164B954A1B89C714004515B3 /* PartnersViewController.swift in Sources */ = {isa = PBXBuildFile; fileRef = 164B95491B89C714004515B3 /* PartnersViewController.swift */; };
		164B954E1B8A3AC0004515B3 /* EditProfileViewController.swift in Sources */ = {isa = PBXBuildFile; fileRef = 164B954D1B8A3AC0004515B3 /* EditProfileViewController.swift */; };
		164B95501B8A5A2A004515B3 /* RecoverViewController.swift in Sources */ = {isa = PBXBuildFile; fileRef = 164B954F1B8A5A2A004515B3 /* RecoverViewController.swift */; };
		164B95521B8AC973004515B3 /* FeedPageViewController.swift in Sources */ = {isa = PBXBuildFile; fileRef = 164B95511B8AC973004515B3 /* FeedPageViewController.swift */; };
		164B95541B8AC98F004515B3 /* FeedTableViewController.swift in Sources */ = {isa = PBXBuildFile; fileRef = 164B95531B8AC98F004515B3 /* FeedTableViewController.swift */; };
		164B95561B8AC9A4004515B3 /* NewFeedViewController.swift in Sources */ = {isa = PBXBuildFile; fileRef = 164B95551B8AC9A4004515B3 /* NewFeedViewController.swift */; };
		164B95581B8AC9B7004515B3 /* FeedWebPageViewController.swift in Sources */ = {isa = PBXBuildFile; fileRef = 164B95571B8AC9B7004515B3 /* FeedWebPageViewController.swift */; };
		164B955A1B8AC9CC004515B3 /* XmlParserManager.swift in Sources */ = {isa = PBXBuildFile; fileRef = 164B95591B8AC9CC004515B3 /* XmlParserManager.swift */; };
		169F2FD31B7037A5000DF6E6 /* AppDelegate.swift in Sources */ = {isa = PBXBuildFile; fileRef = 169F2FD21B7037A5000DF6E6 /* AppDelegate.swift */; };
		169F2FD81B7037A5000DF6E6 /* Main.storyboard in Resources */ = {isa = PBXBuildFile; fileRef = 169F2FD61B7037A5000DF6E6 /* Main.storyboard */; };
		169F2FDA1B7037A5000DF6E6 /* Images.xcassets in Resources */ = {isa = PBXBuildFile; fileRef = 169F2FD91B7037A5000DF6E6 /* Images.xcassets */; };
		169F2FDD1B7037A5000DF6E6 /* LaunchScreen.xib in Resources */ = {isa = PBXBuildFile; fileRef = 169F2FDB1B7037A5000DF6E6 /* LaunchScreen.xib */; };
		169F2FE91B7037A6000DF6E6 /* SportInTests.swift in Sources */ = {isa = PBXBuildFile; fileRef = 169F2FE81B7037A6000DF6E6 /* SportInTests.swift */; };
		16C07D1B1B98B3790001A867 /* SettingsViewController.swift in Sources */ = {isa = PBXBuildFile; fileRef = 16C07D1A1B98B3790001A867 /* SettingsViewController.swift */; };
		16C07D1D1B99E2A00001A867 /* MapKit.framework in Frameworks */ = {isa = PBXBuildFile; fileRef = 16C07D1C1B99E2A00001A867 /* MapKit.framework */; };
		16C07D221B9C08C10001A867 /* ConexoesCollectionViewCell.swift in Sources */ = {isa = PBXBuildFile; fileRef = 16C07D211B9C08C10001A867 /* ConexoesCollectionViewCell.swift */; };
		16CA96B61B8B70B800599D7B /* ConexoesViewController.swift in Sources */ = {isa = PBXBuildFile; fileRef = 16CA96B51B8B70B800599D7B /* ConexoesViewController.swift */; };
		16CA96B81B8B70E100599D7B /* MyProfileViewController.swift in Sources */ = {isa = PBXBuildFile; fileRef = 16CA96B71B8B70E100599D7B /* MyProfileViewController.swift */; };
		16CA96BA1B8B70F400599D7B /* CalendarViewController.swift in Sources */ = {isa = PBXBuildFile; fileRef = 16CA96B91B8B70F400599D7B /* CalendarViewController.swift */; };
/* End PBXBuildFile section */

/* Begin PBXContainerItemProxy section */
		169F2FE31B7037A6000DF6E6 /* PBXContainerItemProxy */ = {
			isa = PBXContainerItemProxy;
			containerPortal = 169F2FC51B7037A5000DF6E6 /* Project object */;
			proxyType = 1;
			remoteGlobalIDString = 169F2FCC1B7037A5000DF6E6;
			remoteInfo = SportIn;
		};
/* End PBXContainerItemProxy section */

/* Begin PBXFileReference section */
		164B95001B89824F004515B3 /* Bolts.framework */ = {isa = PBXFileReference; lastKnownFileType = wrapper.framework; path = Bolts.framework; sourceTree = "<group>"; };
		164B95041B89825A004515B3 /* Accounts.framework */ = {isa = PBXFileReference; lastKnownFileType = wrapper.framework; name = Accounts.framework; path = System/Library/Frameworks/Accounts.framework; sourceTree = SDKROOT; };
		164B95061B898261004515B3 /* AudioToolbox.framework */ = {isa = PBXFileReference; lastKnownFileType = wrapper.framework; name = AudioToolbox.framework; path = System/Library/Frameworks/AudioToolbox.framework; sourceTree = SDKROOT; };
		164B95081B898269004515B3 /* CFNetwork.framework */ = {isa = PBXFileReference; lastKnownFileType = wrapper.framework; name = CFNetwork.framework; path = System/Library/Frameworks/CFNetwork.framework; sourceTree = SDKROOT; };
		164B950A1B898270004515B3 /* CoreGraphics.framework */ = {isa = PBXFileReference; lastKnownFileType = wrapper.framework; name = CoreGraphics.framework; path = System/Library/Frameworks/CoreGraphics.framework; sourceTree = SDKROOT; };
		164B950C1B8983D7004515B3 /* CoreLocation.framework */ = {isa = PBXFileReference; lastKnownFileType = wrapper.framework; name = CoreLocation.framework; path = System/Library/Frameworks/CoreLocation.framework; sourceTree = SDKROOT; };
		164B950E1B8983DE004515B3 /* QuartzCore.framework */ = {isa = PBXFileReference; lastKnownFileType = wrapper.framework; name = QuartzCore.framework; path = System/Library/Frameworks/QuartzCore.framework; sourceTree = SDKROOT; };
		164B95101B8983E4004515B3 /* Security.framework */ = {isa = PBXFileReference; lastKnownFileType = wrapper.framework; name = Security.framework; path = System/Library/Frameworks/Security.framework; sourceTree = SDKROOT; };
		164B95121B8983EB004515B3 /* Social.framework */ = {isa = PBXFileReference; lastKnownFileType = wrapper.framework; name = Social.framework; path = System/Library/Frameworks/Social.framework; sourceTree = SDKROOT; };
		164B95161B8983FA004515B3 /* SystemConfiguration.framework */ = {isa = PBXFileReference; lastKnownFileType = wrapper.framework; name = SystemConfiguration.framework; path = System/Library/Frameworks/SystemConfiguration.framework; sourceTree = SDKROOT; };
		164B95181B898400004515B3 /* libz.dylib */ = {isa = PBXFileReference; lastKnownFileType = "compiled.mach-o.dylib"; name = libz.dylib; path = usr/lib/libz.dylib; sourceTree = SDKROOT; };
		164B951A1B898406004515B3 /* libsqlite3.dylib */ = {isa = PBXFileReference; lastKnownFileType = "compiled.mach-o.dylib"; name = libsqlite3.dylib; path = usr/lib/libsqlite3.dylib; sourceTree = SDKROOT; };
		164B951D1B8986E4004515B3 /* FBSDKCoreKit.framework */ = {isa = PBXFileReference; lastKnownFileType = wrapper.framework; path = FBSDKCoreKit.framework; sourceTree = "<group>"; };
		164B951E1B8986E4004515B3 /* FBSDKLoginKit.framework */ = {isa = PBXFileReference; lastKnownFileType = wrapper.framework; path = FBSDKLoginKit.framework; sourceTree = "<group>"; };
		164B951F1B8986E4004515B3 /* FBSDKShareKit.framework */ = {isa = PBXFileReference; lastKnownFileType = wrapper.framework; path = FBSDKShareKit.framework; sourceTree = "<group>"; };
		164B95231B898D46004515B3 /* HomeViewController.swift */ = {isa = PBXFileReference; fileEncoding = 4; lastKnownFileType = sourcecode.swift; name = HomeViewController.swift; path = ../HomeViewController.swift; sourceTree = "<group>"; };
		164B95251B898D6B004515B3 /* LoginViewController.swift */ = {isa = PBXFileReference; fileEncoding = 4; lastKnownFileType = sourcecode.swift; name = LoginViewController.swift; path = ../LoginViewController.swift; sourceTree = "<group>"; };
		164B95271B898F30004515B3 /* FacebookLogin-Bridging-Header.h */ = {isa = PBXFileReference; lastKnownFileType = sourcecode.c.h; name = "FacebookLogin-Bridging-Header.h"; path = "../FacebookLogin-Bridging-Header.h"; sourceTree = "<group>"; };
		164B95281B8991A6004515B3 /* ParseFacebookUtilsV4.framework */ = {isa = PBXFileReference; lastKnownFileType = wrapper.framework; path = ParseFacebookUtilsV4.framework; sourceTree = "<group>"; };
		164B95291B8991A6004515B3 /* ParseTwitterUtils.framework */ = {isa = PBXFileReference; lastKnownFileType = wrapper.framework; path = ParseTwitterUtils.framework; sourceTree = "<group>"; };
		164B952C1B8991FA004515B3 /* Parse.framework */ = {isa = PBXFileReference; lastKnownFileType = wrapper.framework; path = Parse.framework; sourceTree = "<group>"; };
		164B952E1B89A634004515B3 /* ParseUI.framework */ = {isa = PBXFileReference; lastKnownFileType = wrapper.framework; path = ParseUI.framework; sourceTree = "<group>"; };
		164B95301B89A6EC004515B3 /* RegisterViewController.swift */ = {isa = PBXFileReference; fileEncoding = 4; lastKnownFileType = sourcecode.swift; name = RegisterViewController.swift; path = ../RegisterViewController.swift; sourceTree = "<group>"; };
		164B95321B89A8CE004515B3 /* MBProgressHUD.h */ = {isa = PBXFileReference; fileEncoding = 4; lastKnownFileType = sourcecode.c.h; path = MBProgressHUD.h; sourceTree = "<group>"; };
		164B95331B89A8CE004515B3 /* MBProgressHUD.m */ = {isa = PBXFileReference; fileEncoding = 4; lastKnownFileType = sourcecode.c.objc; path = MBProgressHUD.m; sourceTree = "<group>"; };
		164B95351B89A9DA004515B3 /* MMDrawerBarButtonItem.h */ = {isa = PBXFileReference; fileEncoding = 4; lastKnownFileType = sourcecode.c.h; path = MMDrawerBarButtonItem.h; sourceTree = "<group>"; };
		164B95361B89A9DA004515B3 /* MMDrawerBarButtonItem.m */ = {isa = PBXFileReference; fileEncoding = 4; lastKnownFileType = sourcecode.c.objc; path = MMDrawerBarButtonItem.m; sourceTree = "<group>"; };
		164B95371B89A9DA004515B3 /* MMDrawerController.h */ = {isa = PBXFileReference; fileEncoding = 4; lastKnownFileType = sourcecode.c.h; path = MMDrawerController.h; sourceTree = "<group>"; };
		164B95381B89A9DA004515B3 /* MMDrawerController.m */ = {isa = PBXFileReference; fileEncoding = 4; lastKnownFileType = sourcecode.c.objc; path = MMDrawerController.m; sourceTree = "<group>"; };
		164B95391B89A9DA004515B3 /* MMDrawerController+Subclass.h */ = {isa = PBXFileReference; fileEncoding = 4; lastKnownFileType = sourcecode.c.h; path = "MMDrawerController+Subclass.h"; sourceTree = "<group>"; };
		164B953A1B89A9DA004515B3 /* MMDrawerVisualState.h */ = {isa = PBXFileReference; fileEncoding = 4; lastKnownFileType = sourcecode.c.h; path = MMDrawerVisualState.h; sourceTree = "<group>"; };
		164B953B1B89A9DA004515B3 /* MMDrawerVisualState.m */ = {isa = PBXFileReference; fileEncoding = 4; lastKnownFileType = sourcecode.c.objc; path = MMDrawerVisualState.m; sourceTree = "<group>"; };
		164B953C1B89A9DA004515B3 /* UIViewController+MMDrawerController.h */ = {isa = PBXFileReference; fileEncoding = 4; lastKnownFileType = sourcecode.c.h; path = "UIViewController+MMDrawerController.h"; sourceTree = "<group>"; };
		164B953D1B89A9DA004515B3 /* UIViewController+MMDrawerController.m */ = {isa = PBXFileReference; fileEncoding = 4; lastKnownFileType = sourcecode.c.objc; path = "UIViewController+MMDrawerController.m"; sourceTree = "<group>"; };
		164B95431B89AA4F004515B3 /* MenuViewController.swift */ = {isa = PBXFileReference; fileEncoding = 4; lastKnownFileType = sourcecode.swift; name = MenuViewController.swift; path = ../MenuViewController.swift; sourceTree = "<group>"; };
		164B95451B89AA79004515B3 /* RSSFeedViewController.swift */ = {isa = PBXFileReference; fileEncoding = 4; lastKnownFileType = sourcecode.swift; name = RSSFeedViewController.swift; path = ../RSSFeedViewController.swift; sourceTree = "<group>"; };
		164B95471B89C6C8004515B3 /* AboutViewController.swift */ = {isa = PBXFileReference; fileEncoding = 4; lastKnownFileType = sourcecode.swift; name = AboutViewController.swift; path = ../AboutViewController.swift; sourceTree = "<group>"; };
		164B95491B89C714004515B3 /* PartnersViewController.swift */ = {isa = PBXFileReference; fileEncoding = 4; lastKnownFileType = sourcecode.swift; name = PartnersViewController.swift; path = ../PartnersViewController.swift; sourceTree = "<group>"; };
		164B954D1B8A3AC0004515B3 /* EditProfileViewController.swift */ = {isa = PBXFileReference; fileEncoding = 4; lastKnownFileType = sourcecode.swift; name = EditProfileViewController.swift; path = ../EditProfileViewController.swift; sourceTree = "<group>"; };
		164B954F1B8A5A2A004515B3 /* RecoverViewController.swift */ = {isa = PBXFileReference; fileEncoding = 4; lastKnownFileType = sourcecode.swift; name = RecoverViewController.swift; path = ../RecoverViewController.swift; sourceTree = "<group>"; };
		164B95511B8AC973004515B3 /* FeedPageViewController.swift */ = {isa = PBXFileReference; fileEncoding = 4; lastKnownFileType = sourcecode.swift; name = FeedPageViewController.swift; path = ../FeedPageViewController.swift; sourceTree = "<group>"; };
		164B95531B8AC98F004515B3 /* FeedTableViewController.swift */ = {isa = PBXFileReference; fileEncoding = 4; lastKnownFileType = sourcecode.swift; name = FeedTableViewController.swift; path = ../FeedTableViewController.swift; sourceTree = "<group>"; };
		164B95551B8AC9A4004515B3 /* NewFeedViewController.swift */ = {isa = PBXFileReference; fileEncoding = 4; lastKnownFileType = sourcecode.swift; name = NewFeedViewController.swift; path = ../NewFeedViewController.swift; sourceTree = "<group>"; };
		164B95571B8AC9B7004515B3 /* FeedWebPageViewController.swift */ = {isa = PBXFileReference; fileEncoding = 4; lastKnownFileType = sourcecode.swift; name = FeedWebPageViewController.swift; path = ../FeedWebPageViewController.swift; sourceTree = "<group>"; };
		164B95591B8AC9CC004515B3 /* XmlParserManager.swift */ = {isa = PBXFileReference; fileEncoding = 4; lastKnownFileType = sourcecode.swift; name = XmlParserManager.swift; path = ../XmlParserManager.swift; sourceTree = "<group>"; };
		169F2FCD1B7037A5000DF6E6 /* SportIn.app */ = {isa = PBXFileReference; explicitFileType = wrapper.application; includeInIndex = 0; path = SportIn.app; sourceTree = BUILT_PRODUCTS_DIR; };
		169F2FD11B7037A5000DF6E6 /* Info.plist */ = {isa = PBXFileReference; lastKnownFileType = text.plist.xml; path = Info.plist; sourceTree = "<group>"; };
		169F2FD21B7037A5000DF6E6 /* AppDelegate.swift */ = {isa = PBXFileReference; lastKnownFileType = sourcecode.swift; path = AppDelegate.swift; sourceTree = "<group>"; };
		169F2FD71B7037A5000DF6E6 /* Base */ = {isa = PBXFileReference; lastKnownFileType = file.storyboard; name = Base; path = Base.lproj/Main.storyboard; sourceTree = "<group>"; };
		169F2FD91B7037A5000DF6E6 /* Images.xcassets */ = {isa = PBXFileReference; lastKnownFileType = folder.assetcatalog; path = Images.xcassets; sourceTree = "<group>"; };
		169F2FDC1B7037A5000DF6E6 /* Base */ = {isa = PBXFileReference; lastKnownFileType = file.xib; name = Base; path = Base.lproj/LaunchScreen.xib; sourceTree = "<group>"; };
		169F2FE21B7037A6000DF6E6 /* SportInTests.xctest */ = {isa = PBXFileReference; explicitFileType = wrapper.cfbundle; includeInIndex = 0; path = SportInTests.xctest; sourceTree = BUILT_PRODUCTS_DIR; };
		169F2FE71B7037A6000DF6E6 /* Info.plist */ = {isa = PBXFileReference; lastKnownFileType = text.plist.xml; path = Info.plist; sourceTree = "<group>"; };
		169F2FE81B7037A6000DF6E6 /* SportInTests.swift */ = {isa = PBXFileReference; lastKnownFileType = sourcecode.swift; path = SportInTests.swift; sourceTree = "<group>"; };
		16C07D1A1B98B3790001A867 /* SettingsViewController.swift */ = {isa = PBXFileReference; fileEncoding = 4; lastKnownFileType = sourcecode.swift; path = SettingsViewController.swift; sourceTree = "<group>"; };
		16C07D1C1B99E2A00001A867 /* MapKit.framework */ = {isa = PBXFileReference; lastKnownFileType = wrapper.framework; name = MapKit.framework; path = System/Library/Frameworks/MapKit.framework; sourceTree = SDKROOT; };
		16C07D211B9C08C10001A867 /* ConexoesCollectionViewCell.swift */ = {isa = PBXFileReference; fileEncoding = 4; lastKnownFileType = sourcecode.swift; path = ConexoesCollectionViewCell.swift; sourceTree = "<group>"; };
		16CA96B51B8B70B800599D7B /* ConexoesViewController.swift */ = {isa = PBXFileReference; fileEncoding = 4; lastKnownFileType = sourcecode.swift; path = ConexoesViewController.swift; sourceTree = "<group>"; };
		16CA96B71B8B70E100599D7B /* MyProfileViewController.swift */ = {isa = PBXFileReference; fileEncoding = 4; lastKnownFileType = sourcecode.swift; path = MyProfileViewController.swift; sourceTree = "<group>"; };
		16CA96B91B8B70F400599D7B /* CalendarViewController.swift */ = {isa = PBXFileReference; fileEncoding = 4; lastKnownFileType = sourcecode.swift; path = CalendarViewController.swift; sourceTree = "<group>"; };
/* End PBXFileReference section */

/* Begin PBXFrameworksBuildPhase section */
		169F2FCA1B7037A5000DF6E6 /* Frameworks */ = {
			isa = PBXFrameworksBuildPhase;
			buildActionMask = 2147483647;
			files = (
				164B951B1B898406004515B3 /* libsqlite3.dylib in Frameworks */,
				164B95191B898400004515B3 /* libz.dylib in Frameworks */,
				16C07D1D1B99E2A00001A867 /* MapKit.framework in Frameworks */,
				164B95221B8986E4004515B3 /* FBSDKShareKit.framework in Frameworks */,
				164B95171B8983FA004515B3 /* SystemConfiguration.framework in Frameworks */,
				164B952B1B8991A6004515B3 /* ParseTwitterUtils.framework in Frameworks */,
				164B95131B8983EB004515B3 /* Social.framework in Frameworks */,
				164B95111B8983E5004515B3 /* Security.framework in Frameworks */,
				164B950F1B8983DE004515B3 /* QuartzCore.framework in Frameworks */,
				164B950D1B8983D7004515B3 /* CoreLocation.framework in Frameworks */,
				164B950B1B898270004515B3 /* CoreGraphics.framework in Frameworks */,
				164B952F1B89A634004515B3 /* ParseUI.framework in Frameworks */,
				164B952D1B8991FA004515B3 /* Parse.framework in Frameworks */,
				164B95091B898269004515B3 /* CFNetwork.framework in Frameworks */,
				164B95201B8986E4004515B3 /* FBSDKCoreKit.framework in Frameworks */,
				164B95071B898261004515B3 /* AudioToolbox.framework in Frameworks */,
				164B95051B89825A004515B3 /* Accounts.framework in Frameworks */,
				164B952A1B8991A6004515B3 /* ParseFacebookUtilsV4.framework in Frameworks */,
				164B95211B8986E4004515B3 /* FBSDKLoginKit.framework in Frameworks */,
				164B95021B89824F004515B3 /* Bolts.framework in Frameworks */,
			);
			runOnlyForDeploymentPostprocessing = 0;
		};
		169F2FDF1B7037A6000DF6E6 /* Frameworks */ = {
			isa = PBXFrameworksBuildPhase;
			buildActionMask = 2147483647;
			files = (
			);
			runOnlyForDeploymentPostprocessing = 0;
		};
/* End PBXFrameworksBuildPhase section */

/* Begin PBXGroup section */
		164B94FF1B89823D004515B3 /* Frameworks */ = {
			isa = PBXGroup;
			children = (
				16C07D1C1B99E2A00001A867 /* MapKit.framework */,
				164B952E1B89A634004515B3 /* ParseUI.framework */,
				164B952C1B8991FA004515B3 /* Parse.framework */,
				164B95281B8991A6004515B3 /* ParseFacebookUtilsV4.framework */,
				164B95291B8991A6004515B3 /* ParseTwitterUtils.framework */,
				164B951A1B898406004515B3 /* libsqlite3.dylib */,
				164B95181B898400004515B3 /* libz.dylib */,
				164B95161B8983FA004515B3 /* SystemConfiguration.framework */,
				164B95121B8983EB004515B3 /* Social.framework */,
				164B95101B8983E4004515B3 /* Security.framework */,
				164B950E1B8983DE004515B3 /* QuartzCore.framework */,
				164B950C1B8983D7004515B3 /* CoreLocation.framework */,
				164B950A1B898270004515B3 /* CoreGraphics.framework */,
				164B95081B898269004515B3 /* CFNetwork.framework */,
				164B95061B898261004515B3 /* AudioToolbox.framework */,
				164B95041B89825A004515B3 /* Accounts.framework */,
				164B95001B89824F004515B3 /* Bolts.framework */,
			);
			name = Frameworks;
			sourceTree = "<group>";
		};
		164B951C1B898676004515B3 /* SDKFacebook */ = {
			isa = PBXGroup;
			children = (
				164B951D1B8986E4004515B3 /* FBSDKCoreKit.framework */,
				164B951E1B8986E4004515B3 /* FBSDKLoginKit.framework */,
				164B951F1B8986E4004515B3 /* FBSDKShareKit.framework */,
			);
			name = SDKFacebook;
			sourceTree = "<group>";
		};
		164B95421B89A9EF004515B3 /* MMDrawer */ = {
			isa = PBXGroup;
			children = (
				164B95351B89A9DA004515B3 /* MMDrawerBarButtonItem.h */,
				164B95361B89A9DA004515B3 /* MMDrawerBarButtonItem.m */,
				164B95371B89A9DA004515B3 /* MMDrawerController.h */,
				164B95381B89A9DA004515B3 /* MMDrawerController.m */,
				164B95391B89A9DA004515B3 /* MMDrawerController+Subclass.h */,
				164B953A1B89A9DA004515B3 /* MMDrawerVisualState.h */,
				164B953B1B89A9DA004515B3 /* MMDrawerVisualState.m */,
				164B953C1B89A9DA004515B3 /* UIViewController+MMDrawerController.h */,
				164B953D1B89A9DA004515B3 /* UIViewController+MMDrawerController.m */,
			);
			name = MMDrawer;
			sourceTree = "<group>";
		};
		169F2FC41B7037A5000DF6E6 = {
			isa = PBXGroup;
			children = (
				164B951C1B898676004515B3 /* SDKFacebook */,
				164B94FF1B89823D004515B3 /* Frameworks */,
				169F2FCF1B7037A5000DF6E6 /* SportIn */,
				169F2FE51B7037A6000DF6E6 /* SportInTests */,
				169F2FCE1B7037A5000DF6E6 /* Products */,
			);
			sourceTree = "<group>";
		};
		169F2FCE1B7037A5000DF6E6 /* Products */ = {
			isa = PBXGroup;
			children = (
				169F2FCD1B7037A5000DF6E6 /* SportIn.app */,
				169F2FE21B7037A6000DF6E6 /* SportInTests.xctest */,
			);
			name = Products;
			sourceTree = "<group>";
		};
		169F2FCF1B7037A5000DF6E6 /* SportIn */ = {
			isa = PBXGroup;
			children = (
				164B95421B89A9EF004515B3 /* MMDrawer */,
				16CA96B41B8B704000599D7B /* MBProcess HUD */,
				16CA96B31B8B6FCF00599D7B /* Menu Pages */,
				16CA96B21B8B6FC500599D7B /* RSS Pages */,
				16CA96B11B8B6FB500599D7B /* Login Pages */,
				164B95271B898F30004515B3 /* FacebookLogin-Bridging-Header.h */,
				169F2FD61B7037A5000DF6E6 /* Main.storyboard */,
				169F2FD91B7037A5000DF6E6 /* Images.xcassets */,
				169F2FDB1B7037A5000DF6E6 /* LaunchScreen.xib */,
				169F2FD21B7037A5000DF6E6 /* AppDelegate.swift */,
				169F2FD01B7037A5000DF6E6 /* Supporting Files */,
			);
			path = SportIn;
			sourceTree = "<group>";
		};
		169F2FD01B7037A5000DF6E6 /* Supporting Files */ = {
			isa = PBXGroup;
			children = (
				169F2FD11B7037A5000DF6E6 /* Info.plist */,
			);
			name = "Supporting Files";
			sourceTree = "<group>";
		};
		169F2FE51B7037A6000DF6E6 /* SportInTests */ = {
			isa = PBXGroup;
			children = (
				169F2FE81B7037A6000DF6E6 /* SportInTests.swift */,
				169F2FE61B7037A6000DF6E6 /* Supporting Files */,
			);
			path = SportInTests;
			sourceTree = "<group>";
		};
		169F2FE61B7037A6000DF6E6 /* Supporting Files */ = {
			isa = PBXGroup;
			children = (
				169F2FE71B7037A6000DF6E6 /* Info.plist */,
			);
			name = "Supporting Files";
			sourceTree = "<group>";
		};
		16CA96B11B8B6FB500599D7B /* Login Pages */ = {
			isa = PBXGroup;
			children = (
				164B95251B898D6B004515B3 /* LoginViewController.swift */,
				164B95301B89A6EC004515B3 /* RegisterViewController.swift */,
				164B954F1B8A5A2A004515B3 /* RecoverViewController.swift */,
			);
			name = "Login Pages";
			sourceTree = "<group>";
		};
		16CA96B21B8B6FC500599D7B /* RSS Pages */ = {
			isa = PBXGroup;
			children = (
				164B95451B89AA79004515B3 /* RSSFeedViewController.swift */,
				164B95511B8AC973004515B3 /* FeedPageViewController.swift */,
				164B95531B8AC98F004515B3 /* FeedTableViewController.swift */,
				164B95551B8AC9A4004515B3 /* NewFeedViewController.swift */,
				164B95571B8AC9B7004515B3 /* FeedWebPageViewController.swift */,
				164B95591B8AC9CC004515B3 /* XmlParserManager.swift */,
			);
			name = "RSS Pages";
			sourceTree = "<group>";
		};
		16CA96B31B8B6FCF00599D7B /* Menu Pages */ = {
			isa = PBXGroup;
			children = (
				164B95431B89AA4F004515B3 /* MenuViewController.swift */,
				164B95231B898D46004515B3 /* HomeViewController.swift */,
				16CA96B71B8B70E100599D7B /* MyProfileViewController.swift */,
				16CA96B51B8B70B800599D7B /* ConexoesViewController.swift */,
				16C07D211B9C08C10001A867 /* ConexoesCollectionViewCell.swift */,
				16CA96B91B8B70F400599D7B /* CalendarViewController.swift */,
				16C07D1A1B98B3790001A867 /* SettingsViewController.swift */,
				164B95471B89C6C8004515B3 /* AboutViewController.swift */,
				164B95491B89C714004515B3 /* PartnersViewController.swift */,
				164B954D1B8A3AC0004515B3 /* EditProfileViewController.swift */,
			);
			name = "Menu Pages";
			sourceTree = "<group>";
		};
		16CA96B41B8B704000599D7B /* MBProcess HUD */ = {
			isa = PBXGroup;
			children = (
				164B95321B89A8CE004515B3 /* MBProgressHUD.h */,
				164B95331B89A8CE004515B3 /* MBProgressHUD.m */,
			);
			name = "MBProcess HUD";
			sourceTree = "<group>";
		};
/* End PBXGroup section */

/* Begin PBXNativeTarget section */
		169F2FCC1B7037A5000DF6E6 /* SportIn */ = {
			isa = PBXNativeTarget;
			buildConfigurationList = 169F2FEC1B7037A6000DF6E6 /* Build configuration list for PBXNativeTarget "SportIn" */;
			buildPhases = (
				169F2FC91B7037A5000DF6E6 /* Sources */,
				169F2FCA1B7037A5000DF6E6 /* Frameworks */,
				169F2FCB1B7037A5000DF6E6 /* Resources */,
			);
			buildRules = (
			);
			dependencies = (
			);
			name = SportIn;
			productName = SportIn;
			productReference = 169F2FCD1B7037A5000DF6E6 /* SportIn.app */;
			productType = "com.apple.product-type.application";
		};
		169F2FE11B7037A6000DF6E6 /* SportInTests */ = {
			isa = PBXNativeTarget;
			buildConfigurationList = 169F2FEF1B7037A6000DF6E6 /* Build configuration list for PBXNativeTarget "SportInTests" */;
			buildPhases = (
				169F2FDE1B7037A6000DF6E6 /* Sources */,
				169F2FDF1B7037A6000DF6E6 /* Frameworks */,
				169F2FE01B7037A6000DF6E6 /* Resources */,
			);
			buildRules = (
			);
			dependencies = (
				169F2FE41B7037A6000DF6E6 /* PBXTargetDependency */,
			);
			name = SportInTests;
			productName = SportInTests;
			productReference = 169F2FE21B7037A6000DF6E6 /* SportInTests.xctest */;
			productType = "com.apple.product-type.bundle.unit-test";
		};
/* End PBXNativeTarget section */

/* Begin PBXProject section */
		169F2FC51B7037A5000DF6E6 /* Project object */ = {
			isa = PBXProject;
			attributes = {
				LastUpgradeCheck = 0640;
				ORGANIZATIONNAME = "Luiz Fernando Santiago";
				TargetAttributes = {
					169F2FCC1B7037A5000DF6E6 = {
						CreatedOnToolsVersion = 6.4;
						DevelopmentTeam = R3S8P8V5KU;
						SystemCapabilities = {
							com.apple.InAppPurchase = {
								enabled = 0;
							};
							com.apple.Maps.iOS = {
								enabled = 1;
							};
						};
					};
					169F2FE11B7037A6000DF6E6 = {
						CreatedOnToolsVersion = 6.4;
						TestTargetID = 169F2FCC1B7037A5000DF6E6;
					};
				};
			};
			buildConfigurationList = 169F2FC81B7037A5000DF6E6 /* Build configuration list for PBXProject "SportIn" */;
			compatibilityVersion = "Xcode 3.2";
			developmentRegion = English;
			hasScannedForEncodings = 0;
			knownRegions = (
				en,
				Base,
			);
			mainGroup = 169F2FC41B7037A5000DF6E6;
			productRefGroup = 169F2FCE1B7037A5000DF6E6 /* Products */;
			projectDirPath = "";
			projectRoot = "";
			targets = (
				169F2FCC1B7037A5000DF6E6 /* SportIn */,
				169F2FE11B7037A6000DF6E6 /* SportInTests */,
			);
		};
/* End PBXProject section */

/* Begin PBXResourcesBuildPhase section */
		169F2FCB1B7037A5000DF6E6 /* Resources */ = {
			isa = PBXResourcesBuildPhase;
			buildActionMask = 2147483647;
			files = (
				169F2FD81B7037A5000DF6E6 /* Main.storyboard in Resources */,
				169F2FDD1B7037A5000DF6E6 /* LaunchScreen.xib in Resources */,
				169F2FDA1B7037A5000DF6E6 /* Images.xcassets in Resources */,
			);
			runOnlyForDeploymentPostprocessing = 0;
		};
		169F2FE01B7037A6000DF6E6 /* Resources */ = {
			isa = PBXResourcesBuildPhase;
			buildActionMask = 2147483647;
			files = (
			);
			runOnlyForDeploymentPostprocessing = 0;
		};
/* End PBXResourcesBuildPhase section */

/* Begin PBXSourcesBuildPhase section */
		169F2FC91B7037A5000DF6E6 /* Sources */ = {
			isa = PBXSourcesBuildPhase;
			buildActionMask = 2147483647;
			files = (
				164B95261B898D6B004515B3 /* LoginViewController.swift in Sources */,
				164B95441B89AA4F004515B3 /* MenuViewController.swift in Sources */,
				164B953E1B89A9DA004515B3 /* MMDrawerBarButtonItem.m in Sources */,
				164B953F1B89A9DA004515B3 /* MMDrawerController.m in Sources */,
				16CA96BA1B8B70F400599D7B /* CalendarViewController.swift in Sources */,
				16CA96B81B8B70E100599D7B /* MyProfileViewController.swift in Sources */,
				169F2FD31B7037A5000DF6E6 /* AppDelegate.swift in Sources */,
				164B954A1B89C714004515B3 /* PartnersViewController.swift in Sources */,
				16C07D1B1B98B3790001A867 /* SettingsViewController.swift in Sources */,
				16C07D221B9C08C10001A867 /* ConexoesCollectionViewCell.swift in Sources */,
				164B954E1B8A3AC0004515B3 /* EditProfileViewController.swift in Sources */,
				164B95521B8AC973004515B3 /* FeedPageViewController.swift in Sources */,
				16CA96B61B8B70B800599D7B /* ConexoesViewController.swift in Sources */,
				164B95461B89AA79004515B3 /* RSSFeedViewController.swift in Sources */,
				164B95561B8AC9A4004515B3 /* NewFeedViewController.swift in Sources */,
				164B95541B8AC98F004515B3 /* FeedTableViewController.swift in Sources */,
				164B95501B8A5A2A004515B3 /* RecoverViewController.swift in Sources */,
				164B95481B89C6C8004515B3 /* AboutViewController.swift in Sources */,
				164B95401B89A9DA004515B3 /* MMDrawerVisualState.m in Sources */,
				164B955A1B8AC9CC004515B3 /* XmlParserManager.swift in Sources */,
				164B95341B89A8CE004515B3 /* MBProgressHUD.m in Sources */,
				164B95411B89A9DA004515B3 /* UIViewController+MMDrawerController.m in Sources */,
				164B95241B898D46004515B3 /* HomeViewController.swift in Sources */,
				164B95581B8AC9B7004515B3 /* FeedWebPageViewController.swift in Sources */,
				164B95311B89A6EC004515B3 /* RegisterViewController.swift in Sources */,
			);
			runOnlyForDeploymentPostprocessing = 0;
		};
		169F2FDE1B7037A6000DF6E6 /* Sources */ = {
			isa = PBXSourcesBuildPhase;
			buildActionMask = 2147483647;
			files = (
				169F2FE91B7037A6000DF6E6 /* SportInTests.swift in Sources */,
			);
			runOnlyForDeploymentPostprocessing = 0;
		};
/* End PBXSourcesBuildPhase section */

/* Begin PBXTargetDependency section */
		169F2FE41B7037A6000DF6E6 /* PBXTargetDependency */ = {
			isa = PBXTargetDependency;
			target = 169F2FCC1B7037A5000DF6E6 /* SportIn */;
			targetProxy = 169F2FE31B7037A6000DF6E6 /* PBXContainerItemProxy */;
		};
/* End PBXTargetDependency section */

/* Begin PBXVariantGroup section */
		169F2FD61B7037A5000DF6E6 /* Main.storyboard */ = {
			isa = PBXVariantGroup;
			children = (
				169F2FD71B7037A5000DF6E6 /* Base */,
			);
			name = Main.storyboard;
			sourceTree = "<group>";
		};
		169F2FDB1B7037A5000DF6E6 /* LaunchScreen.xib */ = {
			isa = PBXVariantGroup;
			children = (
				169F2FDC1B7037A5000DF6E6 /* Base */,
			);
			name = LaunchScreen.xib;
			sourceTree = "<group>";
		};
/* End PBXVariantGroup section */

/* Begin XCBuildConfiguration section */
		169F2FEA1B7037A6000DF6E6 /* Debug */ = {
			isa = XCBuildConfiguration;
			buildSettings = {
				ALWAYS_SEARCH_USER_PATHS = NO;
				CLANG_CXX_LANGUAGE_STANDARD = "gnu++0x";
				CLANG_CXX_LIBRARY = "libc++";
				CLANG_ENABLE_MODULES = YES;
				CLANG_ENABLE_OBJC_ARC = YES;
				CLANG_WARN_BOOL_CONVERSION = YES;
				CLANG_WARN_CONSTANT_CONVERSION = YES;
				CLANG_WARN_DIRECT_OBJC_ISA_USAGE = YES_ERROR;
				CLANG_WARN_EMPTY_BODY = YES;
				CLANG_WARN_ENUM_CONVERSION = YES;
				CLANG_WARN_INT_CONVERSION = YES;
				CLANG_WARN_OBJC_ROOT_CLASS = YES_ERROR;
				CLANG_WARN_UNREACHABLE_CODE = YES;
				CLANG_WARN__DUPLICATE_METHOD_MATCH = YES;
				"CODE_SIGN_IDENTITY[sdk=iphoneos*]" = "iPhone Developer";
				COPY_PHASE_STRIP = NO;
				DEBUG_INFORMATION_FORMAT = "dwarf-with-dsym";
				ENABLE_STRICT_OBJC_MSGSEND = YES;
				GCC_C_LANGUAGE_STANDARD = gnu99;
				GCC_DYNAMIC_NO_PIC = NO;
				GCC_NO_COMMON_BLOCKS = YES;
				GCC_OPTIMIZATION_LEVEL = 0;
				GCC_PREPROCESSOR_DEFINITIONS = (
					"DEBUG=1",
					"$(inherited)",
				);
				GCC_SYMBOLS_PRIVATE_EXTERN = NO;
				GCC_WARN_64_TO_32_BIT_CONVERSION = YES;
				GCC_WARN_ABOUT_RETURN_TYPE = YES_ERROR;
				GCC_WARN_UNDECLARED_SELECTOR = YES;
				GCC_WARN_UNINITIALIZED_AUTOS = YES_AGGRESSIVE;
				GCC_WARN_UNUSED_FUNCTION = YES;
				GCC_WARN_UNUSED_VARIABLE = YES;
				IPHONEOS_DEPLOYMENT_TARGET = 8.4;
				MTL_ENABLE_DEBUG_INFO = YES;
				ONLY_ACTIVE_ARCH = YES;
				SDKROOT = iphoneos;
				SWIFT_OPTIMIZATION_LEVEL = "-Onone";
			};
			name = Debug;
		};
		169F2FEB1B7037A6000DF6E6 /* Release */ = {
			isa = XCBuildConfiguration;
			buildSettings = {
				ALWAYS_SEARCH_USER_PATHS = NO;
				CLANG_CXX_LANGUAGE_STANDARD = "gnu++0x";
				CLANG_CXX_LIBRARY = "libc++";
				CLANG_ENABLE_MODULES = YES;
				CLANG_ENABLE_OBJC_ARC = YES;
				CLANG_WARN_BOOL_CONVERSION = YES;
				CLANG_WARN_CONSTANT_CONVERSION = YES;
				CLANG_WARN_DIRECT_OBJC_ISA_USAGE = YES_ERROR;
				CLANG_WARN_EMPTY_BODY = YES;
				CLANG_WARN_ENUM_CONVERSION = YES;
				CLANG_WARN_INT_CONVERSION = YES;
				CLANG_WARN_OBJC_ROOT_CLASS = YES_ERROR;
				CLANG_WARN_UNREACHABLE_CODE = YES;
				CLANG_WARN__DUPLICATE_METHOD_MATCH = YES;
				"CODE_SIGN_IDENTITY[sdk=iphoneos*]" = "iPhone Developer";
				COPY_PHASE_STRIP = NO;
				DEBUG_INFORMATION_FORMAT = "dwarf-with-dsym";
				ENABLE_NS_ASSERTIONS = NO;
				ENABLE_STRICT_OBJC_MSGSEND = YES;
				GCC_C_LANGUAGE_STANDARD = gnu99;
				GCC_NO_COMMON_BLOCKS = YES;
				GCC_WARN_64_TO_32_BIT_CONVERSION = YES;
				GCC_WARN_ABOUT_RETURN_TYPE = YES_ERROR;
				GCC_WARN_UNDECLARED_SELECTOR = YES;
				GCC_WARN_UNINITIALIZED_AUTOS = YES_AGGRESSIVE;
				GCC_WARN_UNUSED_FUNCTION = YES;
				GCC_WARN_UNUSED_VARIABLE = YES;
				IPHONEOS_DEPLOYMENT_TARGET = 8.4;
				MTL_ENABLE_DEBUG_INFO = NO;
				SDKROOT = iphoneos;
				VALIDATE_PRODUCT = YES;
			};
			name = Release;
		};
		169F2FED1B7037A6000DF6E6 /* Debug */ = {
			isa = XCBuildConfiguration;
			buildSettings = {
				ASSETCATALOG_COMPILER_APPICON_NAME = AppIcon;
				CODE_SIGN_IDENTITY = "iPhone Developer";
				"CODE_SIGN_IDENTITY[sdk=iphoneos*]" = "iPhone Developer";
				FRAMEWORK_SEARCH_PATHS = (
					"$(inherited)",
					"$(PROJECT_DIR)",
				);
				INFOPLIST_FILE = SportIn/Info.plist;
				IPHONEOS_DEPLOYMENT_TARGET = 8.4;
				LD_RUNPATH_SEARCH_PATHS = "$(inherited) @executable_path/Frameworks";
				PRODUCT_NAME = "$(TARGET_NAME)";
				PROVISIONING_PROFILE = "";
				SWIFT_OBJC_BRIDGING_HEADER = "FacebookLogin-Bridging-Header.h";
				TARGETED_DEVICE_FAMILY = 1;
			};
			name = Debug;
		};
		169F2FEE1B7037A6000DF6E6 /* Release */ = {
			isa = XCBuildConfiguration;
			buildSettings = {
				ASSETCATALOG_COMPILER_APPICON_NAME = AppIcon;
				CODE_SIGN_IDENTITY = "iPhone Developer";
				"CODE_SIGN_IDENTITY[sdk=iphoneos*]" = "iPhone Developer";
				FRAMEWORK_SEARCH_PATHS = (
					"$(inherited)",
					"$(PROJECT_DIR)",
				);
				INFOPLIST_FILE = SportIn/Info.plist;
				IPHONEOS_DEPLOYMENT_TARGET = 8.4;
				LD_RUNPATH_SEARCH_PATHS = "$(inherited) @executable_path/Frameworks";
				PRODUCT_NAME = "$(TARGET_NAME)";
				PROVISIONING_PROFILE = "";
				SWIFT_OBJC_BRIDGING_HEADER = "FacebookLogin-Bridging-Header.h";
				TARGETED_DEVICE_FAMILY = 1;
			};
			name = Release;
		};
		169F2FF01B7037A6000DF6E6 /* Debug */ = {
			isa = XCBuildConfiguration;
			buildSettings = {
				BUNDLE_LOADER = "$(TEST_HOST)";
				FRAMEWORK_SEARCH_PATHS = (
					"$(SDKROOT)/Developer/Library/Frameworks",
					"$(inherited)",
				);
				GCC_PREPROCESSOR_DEFINITIONS = (
					"DEBUG=1",
					"$(inherited)",
				);
				INFOPLIST_FILE = SportInTests/Info.plist;
				LD_RUNPATH_SEARCH_PATHS = "$(inherited) @executable_path/Frameworks @loader_path/Frameworks";
				PRODUCT_NAME = "$(TARGET_NAME)";
				TEST_HOST = "$(BUILT_PRODUCTS_DIR)/SportIn.app/SportIn";
			};
			name = Debug;
		};
		169F2FF11B7037A6000DF6E6 /* Release */ = {
			isa = XCBuildConfiguration;
			buildSettings = {
				BUNDLE_LOADER = "$(TEST_HOST)";
				FRAMEWORK_SEARCH_PATHS = (
					"$(SDKROOT)/Developer/Library/Frameworks",
					"$(inherited)",
				);
				INFOPLIST_FILE = SportInTests/Info.plist;
				LD_RUNPATH_SEARCH_PATHS = "$(inherited) @executable_path/Frameworks @loader_path/Frameworks";
				PRODUCT_NAME = "$(TARGET_NAME)";
				TEST_HOST = "$(BUILT_PRODUCTS_DIR)/SportIn.app/SportIn";
			};
			name = Release;
		};
/* End XCBuildConfiguration section */

/* Begin XCConfigurationList section */
		169F2FC81B7037A5000DF6E6 /* Build configuration list for PBXProject "SportIn" */ = {
			isa = XCConfigurationList;
			buildConfigurations = (
				169F2FEA1B7037A6000DF6E6 /* Debug */,
				169F2FEB1B7037A6000DF6E6 /* Release */,
			);
			defaultConfigurationIsVisible = 0;
			defaultConfigurationName = Release;
		};
		169F2FEC1B7037A6000DF6E6 /* Build configuration list for PBXNativeTarget "SportIn" */ = {
			isa = XCConfigurationList;
			buildConfigurations = (
				169F2FED1B7037A6000DF6E6 /* Debug */,
				169F2FEE1B7037A6000DF6E6 /* Release */,
			);
			defaultConfigurationIsVisible = 0;
			defaultConfigurationName = Release;
		};
		169F2FEF1B7037A6000DF6E6 /* Build configuration list for PBXNativeTarget "SportInTests" */ = {
			isa = XCConfigurationList;
			buildConfigurations = (
				169F2FF01B7037A6000DF6E6 /* Debug */,
				169F2FF11B7037A6000DF6E6 /* Release */,
			);
			defaultConfigurationIsVisible = 0;
			defaultConfigurationName = Release;
		};
/* End XCConfigurationList section */
	};
	rootObject = 169F2FC51B7037A5000DF6E6 /* Project object */;
}
